
Microsoft Visual Studio Solution File, Format Version 12.00
# Visual Studio Version 16
VisualStudioVersion = 16.0.31911.196
MinimumVisualStudioVersion = 10.0.40219.1
Project("{FAE04EC0-301F-11D3-BF4B-00C04F79EFBC}") = "TesteMvcArthur", "TesteMvcArthur.csproj", "{6CCAE4FD-E15C-4774-9D40-EF9173FB9D46}"
EndProject
Global
	GlobalSection(SolutionConfigurationPlatforms) = preSolution
		Debug|Any CPU = Debug|Any CPU
		Release|Any CPU = Release|Any CPU
	EndGlobalSection
	GlobalSection(ProjectConfigurationPlatforms) = postSolution
		{6CCAE4FD-E15C-4774-9D40-EF9173FB9D46}.Debug|Any CPU.ActiveCfg = Debug|Any CPU
		{6CCAE4FD-E15C-4774-9D40-EF9173FB9D46}.Debug|Any CPU.Build.0 = Debug|Any CPU
		{6CCAE4FD-E15C-4774-9D40-EF9173FB9D46}.Release|Any CPU.ActiveCfg = Release|Any CPU
		{6CCAE4FD-E15C-4774-9D40-EF9173FB9D46}.Release|Any CPU.Build.0 = Release|Any CPU
	EndGlobalSection
	GlobalSection(SolutionProperties) = preSolution
		HideSolutionNode = FALSE
	EndGlobalSection
	GlobalSection(ExtensibilityGlobals) = postSolution
		SolutionGuid = {0922D8C9-2774-40E8-9FF0-49C490A96E47}
	EndGlobalSection
EndGlobal
